
Microsoft Visual Studio Solution File, Format Version 12.00
# Visual Studio Version 17
VisualStudioVersion = 17.2.32616.157
MinimumVisualStudioVersion = 10.0.40219.1
Project("{FAE04EC0-301F-11D3-BF4B-00C04F79EFBC}") = "Stack_Using_Linked_List", "Stack_Using_Linked_List\Stack_Using_Linked_List.csproj", "{824D12EF-BEFB-493E-8F63-4E090ADF1D57}"
EndProject
Global
	GlobalSection(SolutionConfigurationPlatforms) = preSolution
		Debug|Any CPU = Debug|Any CPU
		Release|Any CPU = Release|Any CPU
	EndGlobalSection
	GlobalSection(ProjectConfigurationPlatforms) = postSolution
		{824D12EF-BEFB-493E-8F63-4E090ADF1D57}.Debug|Any CPU.ActiveCfg = Debug|Any CPU
		{824D12EF-BEFB-493E-8F63-4E090ADF1D57}.Debug|Any CPU.Build.0 = Debug|Any CPU
		{824D12EF-BEFB-493E-8F63-4E090ADF1D57}.Release|Any CPU.ActiveCfg = Release|Any CPU
		{824D12EF-BEFB-493E-8F63-4E090ADF1D57}.Release|Any CPU.Build.0 = Release|Any CPU
	EndGlobalSection
	GlobalSection(SolutionProperties) = preSolution
		HideSolutionNode = FALSE
	EndGlobalSection
	GlobalSection(ExtensibilityGlobals) = postSolution
		SolutionGuid = {06B0F4FF-D6BC-47AA-9495-4C45AC97676E}
	EndGlobalSection
EndGlobal
